
Microsoft Visual Studio Solution File, Format Version 12.00
# Visual Studio Version 17
VisualStudioVersion = 17.11.35222.181
MinimumVisualStudioVersion = 10.0.40219.1
Project("{FAE04EC0-301F-11D3-BF4B-00C04F79EFBC}") = "RollCageDontRemoveTrims", "RollCageDontRemoveTrims.csproj", "{8B4B5434-6AF6-4D8A-B27B-055A846E358C}"
EndProject
Global
	GlobalSection(SolutionConfigurationPlatforms) = preSolution
		Debug|Any CPU = Debug|Any CPU
		Release|Any CPU = Release|Any CPU
	EndGlobalSection
	GlobalSection(ProjectConfigurationPlatforms) = postSolution
		{8B4B5434-6AF6-4D8A-B27B-055A846E358C}.Debug|Any CPU.ActiveCfg = Debug|Any CPU
		{8B4B5434-6AF6-4D8A-B27B-055A846E358C}.Debug|Any CPU.Build.0 = Debug|Any CPU
		{8B4B5434-6AF6-4D8A-B27B-055A846E358C}.Release|Any CPU.ActiveCfg = Release|Any CPU
		{8B4B5434-6AF6-4D8A-B27B-055A846E358C}.Release|Any CPU.Build.0 = Release|Any CPU
	EndGlobalSection
	GlobalSection(SolutionProperties) = preSolution
		HideSolutionNode = FALSE
	EndGlobalSection
	GlobalSection(ExtensibilityGlobals) = postSolution
		SolutionGuid = {438E3C60-0041-4999-A851-F7D3FA495C19}
	EndGlobalSection
EndGlobal
